
Microsoft Visual Studio Solution File, Format Version 12.00
# Visual Studio Version 16
VisualStudioVersion = 16.0.30611.23
MinimumVisualStudioVersion = 10.0.40219.1
Project("{FAE04EC0-301F-11D3-BF4B-00C04F79EFBC}") = "AoC", "AoC.csproj", "{FC6B8691-BE89-4CF0-A1BB-B402F01EE10C}"
EndProject
Global
	GlobalSection(SolutionConfigurationPlatforms) = preSolution
		Debug|Any CPU = Debug|Any CPU
		Release|Any CPU = Release|Any CPU
	EndGlobalSection
	GlobalSection(ProjectConfigurationPlatforms) = postSolution
		{FC6B8691-BE89-4CF0-A1BB-B402F01EE10C}.Debug|Any CPU.ActiveCfg = Debug|Any CPU
		{FC6B8691-BE89-4CF0-A1BB-B402F01EE10C}.Debug|Any CPU.Build.0 = Debug|Any CPU
		{FC6B8691-BE89-4CF0-A1BB-B402F01EE10C}.Release|Any CPU.ActiveCfg = Release|Any CPU
		{FC6B8691-BE89-4CF0-A1BB-B402F01EE10C}.Release|Any CPU.Build.0 = Release|Any CPU
	EndGlobalSection
	GlobalSection(SolutionProperties) = preSolution
		HideSolutionNode = FALSE
	EndGlobalSection
	GlobalSection(ExtensibilityGlobals) = postSolution
		SolutionGuid = {4C225747-84CD-497F-B62D-F81CAA94C38A}
	EndGlobalSection
EndGlobal
